
Microsoft Visual Studio Solution File, Format Version 12.00
# Visual Studio Version 17
VisualStudioVersion = 17.4.33213.308
MinimumVisualStudioVersion = 10.0.40219.1
Project("{FAE04EC0-301F-11D3-BF4B-00C04F79EFBC}") = "Queue Management System", "Queue Management System\Queue Management System.csproj", "{A676DBDD-52BF-41C2-9775-2E4649B02E28}"
EndProject
Global
	GlobalSection(SolutionConfigurationPlatforms) = preSolution
		Debug|Any CPU = Debug|Any CPU
		Release|Any CPU = Release|Any CPU
	EndGlobalSection
	GlobalSection(ProjectConfigurationPlatforms) = postSolution
		{A676DBDD-52BF-41C2-9775-2E4649B02E28}.Debug|Any CPU.ActiveCfg = Debug|Any CPU
		{A676DBDD-52BF-41C2-9775-2E4649B02E28}.Debug|Any CPU.Build.0 = Debug|Any CPU
		{A676DBDD-52BF-41C2-9775-2E4649B02E28}.Release|Any CPU.ActiveCfg = Release|Any CPU
		{A676DBDD-52BF-41C2-9775-2E4649B02E28}.Release|Any CPU.Build.0 = Release|Any CPU
	EndGlobalSection
	GlobalSection(SolutionProperties) = preSolution
		HideSolutionNode = FALSE
	EndGlobalSection
	GlobalSection(ExtensibilityGlobals) = postSolution
		SolutionGuid = {A0D4362D-B18B-4860-943D-A944A293F5F4}
	EndGlobalSection
EndGlobal
